
Microsoft Visual Studio Solution File, Format Version 12.00
# Visual Studio 15
VisualStudioVersion = 15.0.28307.168
MinimumVisualStudioVersion = 10.0.40219.1
Project("{FAE04EC0-301F-11D3-BF4B-00C04F79EFBC}") = "FilterListView.Android", "FilterListView\FilterListView.Android\FilterListView.Android.csproj", "{5A08200D-9939-4F65-9888-7B8807654136}"
EndProject
Project("{FAE04EC0-301F-11D3-BF4B-00C04F79EFBC}") = "FilterListView.iOS", "FilterListView\FilterListView.iOS\FilterListView.iOS.csproj", "{72950066-124F-41F6-A304-CF582109AA0B}"
EndProject
Project("{FAE04EC0-301F-11D3-BF4B-00C04F79EFBC}") = "FilterListView.UWP", "FilterListView\FilterListView.UWP\FilterListView.UWP.csproj", "{30FD908E-EA01-40E7-B9D0-56D1099AE438}"
EndProject
Project("{FAE04EC0-301F-11D3-BF4B-00C04F79EFBC}") = "FilterListView", "FilterListView\FilterListView\FilterListView.csproj", "{D16D3FE8-D6B4-4A90-89E9-317208587EE8}"
EndProject
Global
	GlobalSection(SolutionConfigurationPlatforms) = preSolution
		Ad-Hoc|Any CPU = Ad-Hoc|Any CPU
		Ad-Hoc|ARM = Ad-Hoc|ARM
		Ad-Hoc|iPhone = Ad-Hoc|iPhone
		Ad-Hoc|iPhoneSimulator = Ad-Hoc|iPhoneSimulator
		Ad-Hoc|x64 = Ad-Hoc|x64
		Ad-Hoc|x86 = Ad-Hoc|x86
		AppStore|Any CPU = AppStore|Any CPU
		AppStore|ARM = AppStore|ARM
		AppStore|iPhone = AppStore|iPhone
		AppStore|iPhoneSimulator = AppStore|iPhoneSimulator
		AppStore|x64 = AppStore|x64
		AppStore|x86 = AppStore|x86
		Debug|Any CPU = Debug|Any CPU
		Debug|ARM = Debug|ARM
		Debug|iPhone = Debug|iPhone
		Debug|iPhoneSimulator = Debug|iPhoneSimulator
		Debug|x64 = Debug|x64
		Debug|x86 = Debug|x86
		Release|Any CPU = Release|Any CPU
		Release|ARM = Release|ARM
		Release|iPhone = Release|iPhone
		Release|iPhoneSimulator = Release|iPhoneSimulator
		Release|x64 = Release|x64
		Release|x86 = Release|x86
	EndGlobalSection
	GlobalSection(ProjectConfigurationPlatforms) = postSolution
		{5A08200D-9939-4F65-9888-7B8807654136}.Ad-Hoc|Any CPU.ActiveCfg = Release|Any CPU
		{5A08200D-9939-4F65-9888-7B8807654136}.Ad-Hoc|Any CPU.Build.0 = Release|Any CPU
		{5A08200D-9939-4F65-9888-7B8807654136}.Ad-Hoc|Any CPU.Deploy.0 = Release|Any CPU
		{5A08200D-9939-4F65-9888-7B8807654136}.Ad-Hoc|ARM.ActiveCfg = Release|Any CPU
		{5A08200D-9939-4F65-9888-7B8807654136}.Ad-Hoc|ARM.Build.0 = Release|Any CPU
		{5A08200D-9939-4F65-9888-7B8807654136}.Ad-Hoc|ARM.Deploy.0 = Release|Any CPU
		{5A08200D-9939-4F65-9888-7B8807654136}.Ad-Hoc|iPhone.ActiveCfg = Release|Any CPU
		{5A08200D-9939-4F65-9888-7B8807654136}.Ad-Hoc|iPhone.Build.0 = Release|Any CPU
		{5A08200D-9939-4F65-9888-7B8807654136}.Ad-Hoc|iPhone.Deploy.0 = Release|Any CPU
		{5A08200D-9939-4F65-9888-7B8807654136}.Ad-Hoc|iPhoneSimulator.ActiveCfg = Release|Any CPU
		{5A08200D-9939-4F65-9888-7B8807654136}.Ad-Hoc|iPhoneSimulator.Build.0 = Release|Any CPU
		{5A08200D-9939-4F65-9888-7B8807654136}.Ad-Hoc|iPhoneSimulator.Deploy.0 = Release|Any CPU
		{5A08200D-9939-4F65-9888-7B8807654136}.Ad-Hoc|x64.ActiveCfg = Release|Any CPU
		{5A08200D-9939-4F65-9888-7B8807654136}.Ad-Hoc|x64.Build.0 = Release|Any CPU
		{5A08200D-9939-4F65-9888-7B8807654136}.Ad-Hoc|x64.Deploy.0 = Release|Any CPU
		{5A08200D-9939-4F65-9888-7B8807654136}.Ad-Hoc|x86.ActiveCfg = Release|Any CPU
		{5A08200D-9939-4F65-9888-7B8807654136}.Ad-Hoc|x86.Build.0 = Release|Any CPU
		{5A08200D-9939-4F65-9888-7B8807654136}.Ad-Hoc|x86.Deploy.0 = Release|Any CPU
		{5A08200D-9939-4F65-9888-7B8807654136}.AppStore|Any CPU.ActiveCfg = Release|Any CPU
		{5A08200D-9939-4F65-9888-7B8807654136}.AppStore|Any CPU.Build.0 = Release|Any CPU
		{5A08200D-9939-4F65-9888-7B8807654136}.AppStore|Any CPU.Deploy.0 = Release|Any CPU
		{5A08200D-9939-4F65-9888-7B8807654136}.AppStore|ARM.ActiveCfg = Release|Any CPU
		{5A08200D-9939-4F65-9888-7B8807654136}.AppStore|ARM.Build.0 = Release|Any CPU
		{5A08200D-9939-4F65-9888-7B8807654136}.AppStore|ARM.Deploy.0 = Release|Any CPU
		{5A08200D-9939-4F65-9888-7B8807654136}.AppStore|iPhone.ActiveCfg = Release|Any CPU
		{5A08200D-9939-4F65-9888-7B8807654136}.AppStore|iPhone.Build.0 = Release|Any CPU
		{5A08200D-9939-4F65-9888-7B8807654136}.AppStore|iPhone.Deploy.0 = Release|Any CPU
		{5A08200D-9939-4F65-9888-7B8807654136}.AppStore|iPhoneSimulator.ActiveCfg = Release|Any CPU
		{5A08200D-9939-4F65-9888-7B8807654136}.AppStore|iPhoneSimulator.Build.0 = Release|Any CPU
		{5A08200D-9939-4F65-9888-7B8807654136}.AppStore|iPhoneSimulator.Deploy.0 = Release|Any CPU
		{5A08200D-9939-4F65-9888-7B8807654136}.AppStore|x64.ActiveCfg = Release|Any CPU
		{5A08200D-9939-4F65-9888-7B8807654136}.AppStore|x64.Build.0 = Release|Any CPU
		{5A08200D-9939-4F65-9888-7B8807654136}.AppStore|x64.Deploy.0 = Release|Any CPU
		{5A08200D-9939-4F65-9888-7B8807654136}.AppStore|x86.ActiveCfg = Release|Any CPU
		{5A08200D-9939-4F65-9888-7B8807654136}.AppStore|x86.Build.0 = Release|Any CPU
		{5A08200D-9939-4F65-9888-7B8807654136}.AppStore|x86.Deploy.0 = Release|Any CPU
		{5A08200D-9939-4F65-9888-7B8807654136}.Debug|Any CPU.ActiveCfg = Debug|Any CPU
		{5A08200D-9939-4F65-9888-7B8807654136}.Debug|Any CPU.Build.0 = Debug|Any CPU
		{5A08200D-9939-4F65-9888-7B8807654136}.Debug|Any CPU.Deploy.0 = Debug|Any CPU
		{5A08200D-9939-4F65-9888-7B8807654136}.Debug|ARM.ActiveCfg = Debug|Any CPU
		{5A08200D-9939-4F65-9888-7B8807654136}.Debug|ARM.Build.0 = Debug|Any CPU
		{5A08200D-9939-4F65-9888-7B8807654136}.Debug|ARM.Deploy.0 = Debug|Any CPU
		{5A08200D-9939-4F65-9888-7B8807654136}.Debug|iPhone.ActiveCfg = Debug|Any CPU
		{5A08200D-9939-4F65-9888-7B8807654136}.Debug|iPhone.Build.0 = Debug|Any CPU
		{5A08200D-9939-4F65-9888-7B8807654136}.Debug|iPhone.Deploy.0 = Debug|Any CPU
		{5A08200D-9939-4F65-9888-7B8807654136}.Debug|iPhoneSimulator.ActiveCfg = Debug|Any CPU
		{5A08200D-9939-4F65-9888-7B8807654136}.Debug|iPhoneSimulator.Build.0 = Debug|Any CPU
		{5A08200D-9939-4F65-9888-7B8807654136}.Debug|iPhoneSimulator.Deploy.0 = Debug|Any CPU
		{5A08200D-9939-4F65-9888-7B8807654136}.Debug|x64.ActiveCfg = Debug|Any CPU
		{5A08200D-9939-4F65-9888-7B8807654136}.Debug|x64.Build.0 = Debug|Any CPU
		{5A08200D-9939-4F65-9888-7B8807654136}.Debug|x64.Deploy.0 = Debug|Any CPU
		{5A08200D-9939-4F65-9888-7B8807654136}.Debug|x86.ActiveCfg = Debug|Any CPU
		{5A08200D-9939-4F65-9888-7B8807654136}.Debug|x86.Build.0 = Debug|Any CPU
		{5A08200D-9939-4F65-9888-7B8807654136}.Debug|x86.Deploy.0 = Debug|Any CPU
		{5A08200D-9939-4F65-9888-7B8807654136}.Release|Any CPU.ActiveCfg = Release|Any CPU
		{5A08200D-9939-4F65-9888-7B8807654136}.Release|Any CPU.Build.0 = Release|Any CPU
		{5A08200D-9939-4F65-9888-7B8807654136}.Release|Any CPU.Deploy.0 = Release|Any CPU
		{5A08200D-9939-4F65-9888-7B8807654136}.Release|ARM.ActiveCfg = Release|Any CPU
		{5A08200D-9939-4F65-9888-7B8807654136}.Release|ARM.Build.0 = Release|Any CPU
		{5A08200D-9939-4F65-9888-7B8807654136}.Release|ARM.Deploy.0 = Release|Any CPU
		{5A08200D-9939-4F65-9888-7B8807654136}.Release|iPhone.ActiveCfg = Release|Any CPU
		{5A08200D-9939-4F65-9888-7B8807654136}.Release|iPhone.Build.0 = Release|Any CPU
		{5A08200D-9939-4F65-9888-7B8807654136}.Release|iPhone.Deploy.0 = Release|Any CPU
		{5A08200D-9939-4F65-9888-7B8807654136}.Release|iPhoneSimulator.ActiveCfg = Release|Any CPU
		{5A08200D-9939-4F65-9888-7B8807654136}.Release|iPhoneSimulator.Build.0 = Release|Any CPU
		{5A08200D-9939-4F65-9888-7B8807654136}.Release|iPhoneSimulator.Deploy.0 = Release|Any CPU
		{5A08200D-9939-4F65-9888-7B8807654136}.Release|x64.ActiveCfg = Release|Any CPU
		{5A08200D-9939-4F65-9888-7B8807654136}.Release|x64.Build.0 = Release|Any CPU
		{5A08200D-9939-4F65-9888-7B8807654136}.Release|x64.Deploy.0 = Release|Any CPU
		{5A08200D-9939-4F65-9888-7B8807654136}.Release|x86.ActiveCfg = Release|Any CPU
		{5A08200D-9939-4F65-9888-7B8807654136}.Release|x86.Build.0 = Release|Any CPU
		{5A08200D-9939-4F65-9888-7B8807654136}.Release|x86.Deploy.0 = Release|Any CPU
		{72950066-124F-41F6-A304-CF582109AA0B}.Ad-Hoc|Any CPU.ActiveCfg = Ad-Hoc|iPhone
		{72950066-124F-41F6-A304-CF582109AA0B}.Ad-Hoc|Any CPU.Build.0 = Ad-Hoc|iPhone
		{72950066-124F-41F6-A304-CF582109AA0B}.Ad-Hoc|Any CPU.Deploy.0 = Ad-Hoc|iPhone
		{72950066-124F-41F6-A304-CF582109AA0B}.Ad-Hoc|ARM.ActiveCfg = Ad-Hoc|iPhone
		{72950066-124F-41F6-A304-CF582109AA0B}.Ad-Hoc|ARM.Build.0 = Ad-Hoc|iPhone
		{72950066-124F-41F6-A304-CF582109AA0B}.Ad-Hoc|ARM.Deploy.0 = Ad-Hoc|iPhone
		{72950066-124F-41F6-A304-CF582109AA0B}.Ad-Hoc|iPhone.ActiveCfg = Ad-Hoc|iPhone
		{72950066-124F-41F6-A304-CF582109AA0B}.Ad-Hoc|iPhone.Build.0 = Ad-Hoc|iPhone
		{72950066-124F-41F6-A304-CF582109AA0B}.Ad-Hoc|iPhone.Deploy.0 = Ad-Hoc|iPhone
		{72950066-124F-41F6-A304-CF582109AA0B}.Ad-Hoc|iPhoneSimulator.ActiveCfg = Ad-Hoc|iPhoneSimulator
		{72950066-124F-41F6-A304-CF582109AA0B}.Ad-Hoc|iPhoneSimulator.Build.0 = Ad-Hoc|iPhoneSimulator
		{72950066-124F-41F6-A304-CF582109AA0B}.Ad-Hoc|iPhoneSimulator.Deploy.0 = Ad-Hoc|iPhoneSimulator
		{72950066-124F-41F6-A304-CF582109AA0B}.Ad-Hoc|x64.ActiveCfg = Ad-Hoc|iPhone
		{72950066-124F-41F6-A304-CF582109AA0B}.Ad-Hoc|x64.Build.0 = Ad-Hoc|iPhone
		{72950066-124F-41F6-A304-CF582109AA0B}.Ad-Hoc|x64.Deploy.0 = Ad-Hoc|iPhone
		{72950066-124F-41F6-A304-CF582109AA0B}.Ad-Hoc|x86.ActiveCfg = Ad-Hoc|iPhone
		{72950066-124F-41F6-A304-CF582109AA0B}.Ad-Hoc|x86.Build.0 = Ad-Hoc|iPhone
		{72950066-124F-41F6-A304-CF582109AA0B}.Ad-Hoc|x86.Deploy.0 = Ad-Hoc|iPhone
		{72950066-124F-41F6-A304-CF582109AA0B}.AppStore|Any CPU.ActiveCfg = AppStore|iPhone
		{72950066-124F-41F6-A304-CF582109AA0B}.AppStore|Any CPU.Build.0 = AppStore|iPhone
		{72950066-124F-41F6-A304-CF582109AA0B}.AppStore|Any CPU.Deploy.0 = AppStore|iPhone
		{72950066-124F-41F6-A304-CF582109AA0B}.AppStore|ARM.ActiveCfg = AppStore|iPhone
		{72950066-124F-41F6-A304-CF582109AA0B}.AppStore|ARM.Build.0 = AppStore|iPhone
		{72950066-124F-41F6-A304-CF582109AA0B}.AppStore|ARM.Deploy.0 = AppStore|iPhone
		{72950066-124F-41F6-A304-CF582109AA0B}.AppStore|iPhone.ActiveCfg = AppStore|iPhone
		{72950066-124F-41F6-A304-CF582109AA0B}.AppStore|iPhone.Build.0 = AppStore|iPhone
		{72950066-124F-41F6-A304-CF582109AA0B}.AppStore|iPhone.Deploy.0 = AppStore|iPhone
		{72950066-124F-41F6-A304-CF582109AA0B}.AppStore|iPhoneSimulator.ActiveCfg = AppStore|iPhoneSimulator
		{72950066-124F-41F6-A304-CF582109AA0B}.AppStore|iPhoneSimulator.Build.0 = AppStore|iPhoneSimulator
		{72950066-124F-41F6-A304-CF582109AA0B}.AppStore|iPhoneSimulator.Deploy.0 = AppStore|iPhoneSimulator
		{72950066-124F-41F6-A304-CF582109AA0B}.AppStore|x64.ActiveCfg = AppStore|iPhone
		{72950066-124F-41F6-A304-CF582109AA0B}.AppStore|x64.Build.0 = AppStore|iPhone
		{72950066-124F-41F6-A304-CF582109AA0B}.AppStore|x64.Deploy.0 = AppStore|iPhone
		{72950066-124F-41F6-A304-CF582109AA0B}.AppStore|x86.ActiveCfg = AppStore|iPhone
		{72950066-124F-41F6-A304-CF582109AA0B}.AppStore|x86.Build.0 = AppStore|iPhone
		{72950066-124F-41F6-A304-CF582109AA0B}.AppStore|x86.Deploy.0 = AppStore|iPhone
		{72950066-124F-41F6-A304-CF582109AA0B}.Debug|Any CPU.ActiveCfg = Debug|iPhoneSimulator
		{72950066-124F-41F6-A304-CF582109AA0B}.Debug|Any CPU.Build.0 = Debug|iPhoneSimulator
		{72950066-124F-41F6-A304-CF582109AA0B}.Debug|Any CPU.Deploy.0 = Debug|iPhoneSimulator
		{72950066-124F-41F6-A304-CF582109AA0B}.Debug|ARM.ActiveCfg = Debug|iPhone
		{72950066-124F-41F6-A304-CF582109AA0B}.Debug|ARM.Build.0 = Debug|iPhone
		{72950066-124F-41F6-A304-CF582109AA0B}.Debug|ARM.Deploy.0 = Debug|iPhone
		{72950066-124F-41F6-A304-CF582109AA0B}.Debug|iPhone.ActiveCfg = Debug|iPhone
		{72950066-124F-41F6-A304-CF582109AA0B}.Debug|iPhone.Build.0 = Debug|iPhone
		{72950066-124F-41F6-A304-CF582109AA0B}.Debug|iPhone.Deploy.0 = Debug|iPhone
		{72950066-124F-41F6-A304-CF582109AA0B}.Debug|iPhoneSimulator.ActiveCfg = Debug|iPhoneSimulator
		{72950066-124F-41F6-A304-CF582109AA0B}.Debug|iPhoneSimulator.Build.0 = Debug|iPhoneSimulator
		{72950066-124F-41F6-A304-CF582109AA0B}.Debug|iPhoneSimulator.Deploy.0 = Debug|iPhoneSimulator
		{72950066-124F-41F6-A304-CF582109AA0B}.Debug|x64.ActiveCfg = Debug|iPhone
		{72950066-124F-41F6-A304-CF582109AA0B}.Debug|x64.Build.0 = Debug|iPhone
		{72950066-124F-41F6-A304-CF582109AA0B}.Debug|x64.Deploy.0 = Debug|iPhone
		{72950066-124F-41F6-A304-CF582109AA0B}.Debug|x86.ActiveCfg = Debug|iPhone
		{72950066-124F-41F6-A304-CF582109AA0B}.Debug|x86.Build.0 = Debug|iPhone
		{72950066-124F-41F6-A304-CF582109AA0B}.Debug|x86.Deploy.0 = Debug|iPhone
		{72950066-124F-41F6-A304-CF582109AA0B}.Release|Any CPU.ActiveCfg = Release|iPhone
		{72950066-124F-41F6-A304-CF582109AA0B}.Release|Any CPU.Build.0 = Release|iPhone
		{72950066-124F-41F6-A304-CF582109AA0B}.Release|Any CPU.Deploy.0 = Release|iPhone
		{72950066-124F-41F6-A304-CF582109AA0B}.Release|ARM.ActiveCfg = Release|iPhone
		{72950066-124F-41F6-A304-CF582109AA0B}.Release|ARM.Build.0 = Release|iPhone
		{72950066-124F-41F6-A304-CF582109AA0B}.Release|ARM.Deploy.0 = Release|iPhone
		{72950066-124F-41F6-A304-CF582109AA0B}.Release|iPhone.ActiveCfg = Release|iPhone
		{72950066-124F-41F6-A304-CF582109AA0B}.Release|iPhone.Build.0 = Release|iPhone
		{72950066-124F-41F6-A304-CF582109AA0B}.Release|iPhone.Deploy.0 = Release|iPhone
		{72950066-124F-41F6-A304-CF582109AA0B}.Release|iPhoneSimulator.ActiveCfg = Release|iPhoneSimulator
		{72950066-124F-41F6-A304-CF582109AA0B}.Release|iPhoneSimulator.Build.0 = Release|iPhoneSimulator
		{72950066-124F-41F6-A304-CF582109AA0B}.Release|iPhoneSimulator.Deploy.0 = Release|iPhoneSimulator
		{72950066-124F-41F6-A304-CF582109AA0B}.Release|x64.ActiveCfg = Release|iPhone
		{72950066-124F-41F6-A304-CF582109AA0B}.Release|x64.Build.0 = Release|iPhone
		{72950066-124F-41F6-A304-CF582109AA0B}.Release|x64.Deploy.0 = Release|iPhone
		{72950066-124F-41F6-A304-CF582109AA0B}.Release|x86.ActiveCfg = Release|iPhone
		{72950066-124F-41F6-A304-CF582109AA0B}.Release|x86.Build.0 = Release|iPhone
		{72950066-124F-41F6-A304-CF582109AA0B}.Release|x86.Deploy.0 = Release|iPhone
		{30FD908E-EA01-40E7-B9D0-56D1099AE438}.Ad-Hoc|Any CPU.ActiveCfg = Release|x86
		{30FD908E-EA01-40E7-B9D0-56D1099AE438}.Ad-Hoc|Any CPU.Build.0 = Release|x86
		{30FD908E-EA01-40E7-B9D0-56D1099AE438}.Ad-Hoc|Any CPU.Deploy.0 = Release|x86
		{30FD908E-EA01-40E7-B9D0-56D1099AE438}.Ad-Hoc|ARM.ActiveCfg = Release|ARM
		{30FD908E-EA01-40E7-B9D0-56D1099AE438}.Ad-Hoc|ARM.Build.0 = Release|ARM
		{30FD908E-EA01-40E7-B9D0-56D1099AE438}.Ad-Hoc|ARM.Deploy.0 = Release|ARM
		{30FD908E-EA01-40E7-B9D0-56D1099AE438}.Ad-Hoc|iPhone.ActiveCfg = Release|x86
		{30FD908E-EA01-40E7-B9D0-56D1099AE438}.Ad-Hoc|iPhone.Build.0 = Release|x86
		{30FD908E-EA01-40E7-B9D0-56D1099AE438}.Ad-Hoc|iPhone.Deploy.0 = Release|x86
		{30FD908E-EA01-40E7-B9D0-56D1099AE438}.Ad-Hoc|iPhoneSimulator.ActiveCfg = Release|x86
		{30FD908E-EA01-40E7-B9D0-56D1099AE438}.Ad-Hoc|iPhoneSimulator.Build.0 = Release|x86
		{30FD908E-EA01-40E7-B9D0-56D1099AE438}.Ad-Hoc|iPhoneSimulator.Deploy.0 = Release|x86
		{30FD908E-EA01-40E7-B9D0-56D1099AE438}.Ad-Hoc|x64.ActiveCfg = Release|x64
		{30FD908E-EA01-40E7-B9D0-56D1099AE438}.Ad-Hoc|x64.Build.0 = Release|x64
		{30FD908E-EA01-40E7-B9D0-56D1099AE438}.Ad-Hoc|x64.Deploy.0 = Release|x64
		{30FD908E-EA01-40E7-B9D0-56D1099AE438}.Ad-Hoc|x86.ActiveCfg = Release|x86
		{30FD908E-EA01-40E7-B9D0-56D1099AE438}.Ad-Hoc|x86.Build.0 = Release|x86
		{30FD908E-EA01-40E7-B9D0-56D1099AE438}.Ad-Hoc|x86.Deploy.0 = Release|x86
		{30FD908E-EA01-40E7-B9D0-56D1099AE438}.AppStore|Any CPU.ActiveCfg = Release|x86
		{30FD908E-EA01-40E7-B9D0-56D1099AE438}.AppStore|Any CPU.Build.0 = Release|x86
		{30FD908E-EA01-40E7-B9D0-56D1099AE438}.AppStore|Any CPU.Deploy.0 = Release|x86
		{30FD908E-EA01-40E7-B9D0-56D1099AE438}.AppStore|ARM.ActiveCfg = Release|ARM
		{30FD908E-EA01-40E7-B9D0-56D1099AE438}.AppStore|ARM.Build.0 = Release|ARM
		{30FD908E-EA01-40E7-B9D0-56D1099AE438}.AppStore|ARM.Deploy.0 = Release|ARM
		{30FD908E-EA01-40E7-B9D0-56D1099AE438}.AppStore|iPhone.ActiveCfg = Release|x86
		{30FD908E-EA01-40E7-B9D0-56D1099AE438}.AppStore|iPhone.Build.0 = Release|x86
		{30FD908E-EA01-40E7-B9D0-56D1099AE438}.AppStore|iPhone.Deploy.0 = Release|x86
		{30FD908E-EA01-40E7-B9D0-56D1099AE438}.AppStore|iPhoneSimulator.ActiveCfg = Release|x86
		{30FD908E-EA01-40E7-B9D0-56D1099AE438}.AppStore|iPhoneSimulator.Build.0 = Release|x86
		{30FD908E-EA01-40E7-B9D0-56D1099AE438}.AppStore|iPhoneSimulator.Deploy.0 = Release|x86
		{30FD908E-EA01-40E7-B9D0-56D1099AE438}.AppStore|x64.ActiveCfg = Release|x64
		{30FD908E-EA01-40E7-B9D0-56D1099AE438}.AppStore|x64.Build.0 = Release|x64
		{30FD908E-EA01-40E7-B9D0-56D1099AE438}.AppStore|x64.Deploy.0 = Release|x64
		{30FD908E-EA01-40E7-B9D0-56D1099AE438}.AppStore|x86.ActiveCfg = Release|x86
		{30FD908E-EA01-40E7-B9D0-56D1099AE438}.AppStore|x86.Build.0 = Release|x86
		{30FD908E-EA01-40E7-B9D0-56D1099AE438}.AppStore|x86.Deploy.0 = Release|x86
		{30FD908E-EA01-40E7-B9D0-56D1099AE438}.Debug|Any CPU.ActiveCfg = Debug|x86
		{30FD908E-EA01-40E7-B9D0-56D1099AE438}.Debug|Any CPU.Build.0 = Debug|x86
		{30FD908E-EA01-40E7-B9D0-56D1099AE438}.Debug|Any CPU.Deploy.0 = Debug|x86
		{30FD908E-EA01-40E7-B9D0-56D1099AE438}.Debug|ARM.ActiveCfg = Debug|ARM
		{30FD908E-EA01-40E7-B9D0-56D1099AE438}.Debug|ARM.Build.0 = Debug|ARM
		{30FD908E-EA01-40E7-B9D0-56D1099AE438}.Debug|ARM.Deploy.0 = Debug|ARM
		{30FD908E-EA01-40E7-B9D0-56D1099AE438}.Debug|iPhone.ActiveCfg = Debug|x86
		{30FD908E-EA01-40E7-B9D0-56D1099AE438}.Debug|iPhone.Build.0 = Debug|x86
		{30FD908E-EA01-40E7-B9D0-56D1099AE438}.Debug|iPhone.Deploy.0 = Debug|x86
		{30FD908E-EA01-40E7-B9D0-56D1099AE438}.Debug|iPhoneSimulator.ActiveCfg = Debug|x86
		{30FD908E-EA01-40E7-B9D0-56D1099AE438}.Debug|iPhoneSimulator.Build.0 = Debug|x86
		{30FD908E-EA01-40E7-B9D0-56D1099AE438}.Debug|iPhoneSimulator.Deploy.0 = Debug|x86
		{30FD908E-EA01-40E7-B9D0-56D1099AE438}.Debug|x64.ActiveCfg = Debug|x64
		{30FD908E-EA01-40E7-B9D0-56D1099AE438}.Debug|x64.Build.0 = Debug|x64
		{30FD908E-EA01-40E7-B9D0-56D1099AE438}.Debug|x64.Deploy.0 = Debug|x64
		{30FD908E-EA01-40E7-B9D0-56D1099AE438}.Debug|x86.ActiveCfg = Debug|x86
		{30FD908E-EA01-40E7-B9D0-56D1099AE438}.Debug|x86.Build.0 = Debug|x86
		{30FD908E-EA01-40E7-B9D0-56D1099AE438}.Debug|x86.Deploy.0 = Debug|x86
		{30FD908E-EA01-40E7-B9D0-56D1099AE438}.Release|Any CPU.ActiveCfg = Release|x86
		{30FD908E-EA01-40E7-B9D0-56D1099AE438}.Release|Any CPU.Build.0 = Release|x86
		{30FD908E-EA01-40E7-B9D0-56D1099AE438}.Release|Any CPU.Deploy.0 = Release|x86
		{30FD908E-EA01-40E7-B9D0-56D1099AE438}.Release|ARM.ActiveCfg = Release|ARM
		{30FD908E-EA01-40E7-B9D0-56D1099AE438}.Release|ARM.Build.0 = Release|ARM
		{30FD908E-EA01-40E7-B9D0-56D1099AE438}.Release|ARM.Deploy.0 = Release|ARM
		{30FD908E-EA01-40E7-B9D0-56D1099AE438}.Release|iPhone.ActiveCfg = Release|x86
		{30FD908E-EA01-40E7-B9D0-56D1099AE438}.Release|iPhone.Build.0 = Release|x86
		{30FD908E-EA01-40E7-B9D0-56D1099AE438}.Release|iPhone.Deploy.0 = Release|x86
		{30FD908E-EA01-40E7-B9D0-56D1099AE438}.Release|iPhoneSimulator.ActiveCfg = Release|x86
		{30FD908E-EA01-40E7-B9D0-56D1099AE438}.Release|iPhoneSimulator.Build.0 = Release|x86
		{30FD908E-EA01-40E7-B9D0-56D1099AE438}.Release|iPhoneSimulator.Deploy.0 = Release|x86
		{30FD908E-EA01-40E7-B9D0-56D1099AE438}.Release|x64.ActiveCfg = Release|x64
		{30FD908E-EA01-40E7-B9D0-56D1099AE438}.Release|x64.Build.0 = Release|x64
		{30FD908E-EA01-40E7-B9D0-56D1099AE438}.Release|x64.Deploy.0 = Release|x64
		{30FD908E-EA01-40E7-B9D0-56D1099AE438}.Release|x86.ActiveCfg = Release|x86
		{30FD908E-EA01-40E7-B9D0-56D1099AE438}.Release|x86.Build.0 = Release|x86
		{30FD908E-EA01-40E7-B9D0-56D1099AE438}.Release|x86.Deploy.0 = Release|x86
		{D16D3FE8-D6B4-4A90-89E9-317208587EE8}.Ad-Hoc|Any CPU.ActiveCfg = Debug|Any CPU
		{D16D3FE8-D6B4-4A90-89E9-317208587EE8}.Ad-Hoc|Any CPU.Build.0 = Debug|Any CPU
		{D16D3FE8-D6B4-4A90-89E9-317208587EE8}.Ad-Hoc|Any CPU.Deploy.0 = Debug|Any CPU
		{D16D3FE8-D6B4-4A90-89E9-317208587EE8}.Ad-Hoc|ARM.ActiveCfg = Debug|Any CPU
		{D16D3FE8-D6B4-4A90-89E9-317208587EE8}.Ad-Hoc|ARM.Build.0 = Debug|Any CPU
		{D16D3FE8-D6B4-4A90-89E9-317208587EE8}.Ad-Hoc|ARM.Deploy.0 = Debug|Any CPU
		{D16D3FE8-D6B4-4A90-89E9-317208587EE8}.Ad-Hoc|iPhone.ActiveCfg = Debug|Any CPU
		{D16D3FE8-D6B4-4A90-89E9-317208587EE8}.Ad-Hoc|iPhone.Build.0 = Debug|Any CPU
		{D16D3FE8-D6B4-4A90-89E9-317208587EE8}.Ad-Hoc|iPhone.Deploy.0 = Debug|Any CPU
		{D16D3FE8-D6B4-4A90-89E9-317208587EE8}.Ad-Hoc|iPhoneSimulator.ActiveCfg = Debug|Any CPU
		{D16D3FE8-D6B4-4A90-89E9-317208587EE8}.Ad-Hoc|iPhoneSimulator.Build.0 = Debug|Any CPU
		{D16D3FE8-D6B4-4A90-89E9-317208587EE8}.Ad-Hoc|iPhoneSimulator.Deploy.0 = Debug|Any CPU
		{D16D3FE8-D6B4-4A90-89E9-317208587EE8}.Ad-Hoc|x64.ActiveCfg = Debug|Any CPU
		{D16D3FE8-D6B4-4A90-89E9-317208587EE8}.Ad-Hoc|x64.Build.0 = Debug|Any CPU
		{D16D3FE8-D6B4-4A90-89E9-317208587EE8}.Ad-Hoc|x64.Deploy.0 = Debug|Any CPU
		{D16D3FE8-D6B4-4A90-89E9-317208587EE8}.Ad-Hoc|x86.ActiveCfg = Debug|Any CPU
		{D16D3FE8-D6B4-4A90-89E9-317208587EE8}.Ad-Hoc|x86.Build.0 = Debug|Any CPU
		{D16D3FE8-D6B4-4A90-89E9-317208587EE8}.Ad-Hoc|x86.Deploy.0 = Debug|Any CPU
		{D16D3FE8-D6B4-4A90-89E9-317208587EE8}.AppStore|Any CPU.ActiveCfg = Debug|Any CPU
		{D16D3FE8-D6B4-4A90-89E9-317208587EE8}.AppStore|Any CPU.Build.0 = Debug|Any CPU
		{D16D3FE8-D6B4-4A90-89E9-317208587EE8}.AppStore|Any CPU.Deploy.0 = Debug|Any CPU
		{D16D3FE8-D6B4-4A90-89E9-317208587EE8}.AppStore|ARM.ActiveCfg = Debug|Any CPU
		{D16D3FE8-D6B4-4A90-89E9-317208587EE8}.AppStore|ARM.Build.0 = Debug|Any CPU
		{D16D3FE8-D6B4-4A90-89E9-317208587EE8}.AppStore|ARM.Deploy.0 = Debug|Any CPU
		{D16D3FE8-D6B4-4A90-89E9-317208587EE8}.AppStore|iPhone.ActiveCfg = Debug|Any CPU
		{D16D3FE8-D6B4-4A90-89E9-317208587EE8}.AppStore|iPhone.Build.0 = Debug|Any CPU
		{D16D3FE8-D6B4-4A90-89E9-317208587EE8}.AppStore|iPhone.Deploy.0 = Debug|Any CPU
		{D16D3FE8-D6B4-4A90-89E9-317208587EE8}.AppStore|iPhoneSimulator.ActiveCfg = Debug|Any CPU
		{D16D3FE8-D6B4-4A90-89E9-317208587EE8}.AppStore|iPhoneSimulator.Build.0 = Debug|Any CPU
		{D16D3FE8-D6B4-4A90-89E9-317208587EE8}.AppStore|iPhoneSimulator.Deploy.0 = Debug|Any CPU
		{D16D3FE8-D6B4-4A90-89E9-317208587EE8}.AppStore|x64.ActiveCfg = Debug|Any CPU
		{D16D3FE8-D6B4-4A90-89E9-317208587EE8}.AppStore|x64.Build.0 = Debug|Any CPU
		{D16D3FE8-D6B4-4A90-89E9-317208587EE8}.AppStore|x64.Deploy.0 = Debug|Any CPU
		{D16D3FE8-D6B4-4A90-89E9-317208587EE8}.AppStore|x86.ActiveCfg = Debug|Any CPU
		{D16D3FE8-D6B4-4A90-89E9-317208587EE8}.AppStore|x86.Build.0 = Debug|Any CPU
		{D16D3FE8-D6B4-4A90-89E9-317208587EE8}.AppStore|x86.Deploy.0 = Debug|Any CPU
		{D16D3FE8-D6B4-4A90-89E9-317208587EE8}.Debug|Any CPU.ActiveCfg = Debug|Any CPU
		{D16D3FE8-D6B4-4A90-89E9-317208587EE8}.Debug|Any CPU.Build.0 = Debug|Any CPU
		{D16D3FE8-D6B4-4A90-89E9-317208587EE8}.Debug|Any CPU.Deploy.0 = Debug|Any CPU
		{D16D3FE8-D6B4-4A90-89E9-317208587EE8}.Debug|ARM.ActiveCfg = Debug|Any CPU
		{D16D3FE8-D6B4-4A90-89E9-317208587EE8}.Debug|ARM.Build.0 = Debug|Any CPU
		{D16D3FE8-D6B4-4A90-89E9-317208587EE8}.Debug|ARM.Deploy.0 = Debug|Any CPU
		{D16D3FE8-D6B4-4A90-89E9-317208587EE8}.Debug|iPhone.ActiveCfg = Debug|Any CPU
		{D16D3FE8-D6B4-4A90-89E9-317208587EE8}.Debug|iPhone.Build.0 = Debug|Any CPU
		{D16D3FE8-D6B4-4A90-89E9-317208587EE8}.Debug|iPhone.Deploy.0 = Debug|Any CPU
		{D16D3FE8-D6B4-4A90-89E9-317208587EE8}.Debug|iPhoneSimulator.ActiveCfg = Debug|Any CPU
		{D16D3FE8-D6B4-4A90-89E9-317208587EE8}.Debug|iPhoneSimulator.Build.0 = Debug|Any CPU
		{D16D3FE8-D6B4-4A90-89E9-317208587EE8}.Debug|iPhoneSimulator.Deploy.0 = Debug|Any CPU
		{D16D3FE8-D6B4-4A90-89E9-317208587EE8}.Debug|x64.ActiveCfg = Debug|Any CPU
		{D16D3FE8-D6B4-4A90-89E9-317208587EE8}.Debug|x64.Build.0 = Debug|Any CPU
		{D16D3FE8-D6B4-4A90-89E9-317208587EE8}.Debug|x64.Deploy.0 = Debug|Any CPU
		{D16D3FE8-D6B4-4A90-89E9-317208587EE8}.Debug|x86.ActiveCfg = Debug|Any CPU
		{D16D3FE8-D6B4-4A90-89E9-317208587EE8}.Debug|x86.Build.0 = Debug|Any CPU
		{D16D3FE8-D6B4-4A90-89E9-317208587EE8}.Debug|x86.Deploy.0 = Debug|Any CPU
		{D16D3FE8-D6B4-4A90-89E9-317208587EE8}.Release|Any CPU.ActiveCfg = Release|Any CPU
		{D16D3FE8-D6B4-4A90-89E9-317208587EE8}.Release|Any CPU.Build.0 = Release|Any CPU
		{D16D3FE8-D6B4-4A90-89E9-317208587EE8}.Release|Any CPU.Deploy.0 = Release|Any CPU
		{D16D3FE8-D6B4-4A90-89E9-317208587EE8}.Release|ARM.ActiveCfg = Release|Any CPU
		{D16D3FE8-D6B4-4A90-89E9-317208587EE8}.Release|ARM.Build.0 = Release|Any CPU
		{D16D3FE8-D6B4-4A90-89E9-317208587EE8}.Release|ARM.Deploy.0 = Release|Any CPU
		{D16D3FE8-D6B4-4A90-89E9-317208587EE8}.Release|iPhone.ActiveCfg = Release|Any CPU
		{D16D3FE8-D6B4-4A90-89E9-317208587EE8}.Release|iPhone.Build.0 = Release|Any CPU
		{D16D3FE8-D6B4-4A90-89E9-317208587EE8}.Release|iPhone.Deploy.0 = Release|Any CPU
		{D16D3FE8-D6B4-4A90-89E9-317208587EE8}.Release|iPhoneSimulator.ActiveCfg = Release|Any CPU
		{D16D3FE8-D6B4-4A90-89E9-317208587EE8}.Release|iPhoneSimulator.Build.0 = Release|Any CPU
		{D16D3FE8-D6B4-4A90-89E9-317208587EE8}.Release|iPhoneSimulator.Deploy.0 = Release|Any CPU
		{D16D3FE8-D6B4-4A90-89E9-317208587EE8}.Release|x64.ActiveCfg = Release|Any CPU
		{D16D3FE8-D6B4-4A90-89E9-317208587EE8}.Release|x64.Build.0 = Release|Any CPU
		{D16D3FE8-D6B4-4A90-89E9-317208587EE8}.Release|x64.Deploy.0 = Release|Any CPU
		{D16D3FE8-D6B4-4A90-89E9-317208587EE8}.Release|x86.ActiveCfg = Release|Any CPU
		{D16D3FE8-D6B4-4A90-89E9-317208587EE8}.Release|x86.Build.0 = Release|Any CPU
		{D16D3FE8-D6B4-4A90-89E9-317208587EE8}.Release|x86.Deploy.0 = Release|Any CPU
	EndGlobalSection
	GlobalSection(SolutionProperties) = preSolution
		HideSolutionNode = FALSE
	EndGlobalSection
	GlobalSection(ExtensibilityGlobals) = postSolution
		SolutionGuid = {3CE8E64F-A8F0-4021-9E5D-192DC8E9DB14}
	EndGlobalSection
EndGlobal
